// !$*UTF8*$!
{
	archiveVersion = 1;
	classes = {
	};
	objectVersion = 50;
	objects = {

/* Begin PBXBuildFile section */
		002CFEA22497DBAB005442D9 /* AppDelegate.swift in Sources */ = {isa = PBXBuildFile; fileRef = 002CFEA12497DBAB005442D9 /* AppDelegate.swift */; };
		002CFEA42497DBAB005442D9 /* SceneDelegate.swift in Sources */ = {isa = PBXBuildFile; fileRef = 002CFEA32497DBAB005442D9 /* SceneDelegate.swift */; };
		002CFEA62497DBAB005442D9 /* ContentView.swift in Sources */ = {isa = PBXBuildFile; fileRef = 002CFEA52497DBAB005442D9 /* ContentView.swift */; };
		002CFEA82497DBAD005442D9 /* Assets.xcassets in Resources */ = {isa = PBXBuildFile; fileRef = 002CFEA72497DBAD005442D9 /* Assets.xcassets */; };
		002CFEAB2497DBAD005442D9 /* Preview Assets.xcassets in Resources */ = {isa = PBXBuildFile; fileRef = 002CFEAA2497DBAD005442D9 /* Preview Assets.xcassets */; };
		002CFEAE2497DBAD005442D9 /* LaunchScreen.storyboard in Resources */ = {isa = PBXBuildFile; fileRef = 002CFEAC2497DBAD005442D9 /* LaunchScreen.storyboard */; };
		002CFEB92497DCF4005442D9 /* Service.swift in Sources */ = {isa = PBXBuildFile; fileRef = 002CFEB82497DCF4005442D9 /* Service.swift */; };
		002CFEBC2497DDB9005442D9 /* Models.swift in Sources */ = {isa = PBXBuildFile; fileRef = 002CFEBB2497DDB9005442D9 /* Models.swift */; };
		002CFEBF2497DEB0005442D9 /* ArticleViewModel.swift in Sources */ = {isa = PBXBuildFile; fileRef = 002CFEBE2497DEB0005442D9 /* ArticleViewModel.swift */; };
		002CFEC12497DF31005442D9 /* ArticleListViewModel.swift in Sources */ = {isa = PBXBuildFile; fileRef = 002CFEC02497DF31005442D9 /* ArticleListViewModel.swift */; };
/* End PBXBuildFile section */

/* Begin PBXFileReference section */
		002CFE9E2497DBAB005442D9 /* SwiftUI-MVVM.app */ = {isa = PBXFileReference; explicitFileType = wrapper.application; includeInIndex = 0; path = "SwiftUI-MVVM.app"; sourceTree = BUILT_PRODUCTS_DIR; };
		002CFEA12497DBAB005442D9 /* AppDelegate.swift */ = {isa = PBXFileReference; lastKnownFileType = sourcecode.swift; path = AppDelegate.swift; sourceTree = "<group>"; };
		002CFEA32497DBAB005442D9 /* SceneDelegate.swift */ = {isa = PBXFileReference; lastKnownFileType = sourcecode.swift; path = SceneDelegate.swift; sourceTree = "<group>"; };
		002CFEA52497DBAB005442D9 /* ContentView.swift */ = {isa = PBXFileReference; lastKnownFileType = sourcecode.swift; path = ContentView.swift; sourceTree = "<group>"; };
		002CFEA72497DBAD005442D9 /* Assets.xcassets */ = {isa = PBXFileReference; lastKnownFileType = folder.assetcatalog; path = Assets.xcassets; sourceTree = "<group>"; };
		002CFEAA2497DBAD005442D9 /* Preview Assets.xcassets */ = {isa = PBXFileReference; lastKnownFileType = folder.assetcatalog; path = "Preview Assets.xcassets"; sourceTree = "<group>"; };
		002CFEAD2497DBAD005442D9 /* Base */ = {isa = PBXFileReference; lastKnownFileType = file.storyboard; name = Base; path = Base.lproj/LaunchScreen.storyboard; sourceTree = "<group>"; };
		002CFEAF2497DBAD005442D9 /* Info.plist */ = {isa = PBXFileReference; lastKnownFileType = text.plist.xml; path = Info.plist; sourceTree = "<group>"; };
		002CFEB82497DCF4005442D9 /* Service.swift */ = {isa = PBXFileReference; lastKnownFileType = sourcecode.swift; path = Service.swift; sourceTree = "<group>"; };
		002CFEBB2497DDB9005442D9 /* Models.swift */ = {isa = PBXFileReference; lastKnownFileType = sourcecode.swift; path = Models.swift; sourceTree = "<group>"; };
		002CFEBE2497DEB0005442D9 /* ArticleViewModel.swift */ = {isa = PBXFileReference; lastKnownFileType = sourcecode.swift; path = ArticleViewModel.swift; sourceTree = "<group>"; };
		002CFEC02497DF31005442D9 /* ArticleListViewModel.swift */ = {isa = PBXFileReference; lastKnownFileType = sourcecode.swift; path = ArticleListViewModel.swift; sourceTree = "<group>"; };
/* End PBXFileReference section */

/* Begin PBXFrameworksBuildPhase section */
		002CFE9B2497DBAB005442D9 /* Frameworks */ = {
			isa = PBXFrameworksBuildPhase;
			buildActionMask = 2147483647;
			files = (
			);
			runOnlyForDeploymentPostprocessing = 0;
		};
/* End PBXFrameworksBuildPhase section */

/* Begin PBXGroup section */
		002CFE952497DBAB005442D9 = {
			isa = PBXGroup;
			children = (
				002CFEA02497DBAB005442D9 /* SwiftUI-MVVM */,
				002CFE9F2497DBAB005442D9 /* Products */,
			);
			sourceTree = "<group>";
		};
		002CFE9F2497DBAB005442D9 /* Products */ = {
			isa = PBXGroup;
			children = (
				002CFE9E2497DBAB005442D9 /* SwiftUI-MVVM.app */,
			);
			name = Products;
			sourceTree = "<group>";
		};
		002CFEA02497DBAB005442D9 /* SwiftUI-MVVM */ = {
			isa = PBXGroup;
			children = (
				002CFEBA2497DDAE005442D9 /* Models */,
				002CFEB72497DCE5005442D9 /* Networking */,
				002CFEBD2497DE9B005442D9 /* View Models */,
				002CFEA12497DBAB005442D9 /* AppDelegate.swift */,
				002CFEA32497DBAB005442D9 /* SceneDelegate.swift */,
				002CFEA52497DBAB005442D9 /* ContentView.swift */,
				002CFEA72497DBAD005442D9 /* Assets.xcassets */,
				002CFEAC2497DBAD005442D9 /* LaunchScreen.storyboard */,
				002CFEAF2497DBAD005442D9 /* Info.plist */,
				002CFEA92497DBAD005442D9 /* Preview Content */,
			);
			path = "SwiftUI-MVVM";
			sourceTree = "<group>";
		};
		002CFEA92497DBAD005442D9 /* Preview Content */ = {
			isa = PBXGroup;
			children = (
				002CFEAA2497DBAD005442D9 /* Preview Assets.xcassets */,
			);
			path = "Preview Content";
			sourceTree = "<group>";
		};
		002CFEB72497DCE5005442D9 /* Networking */ = {
			isa = PBXGroup;
			children = (
				002CFEB82497DCF4005442D9 /* Service.swift */,
			);
			path = Networking;
			sourceTree = "<group>";
		};
		002CFEBA2497DDAE005442D9 /* Models */ = {
			isa = PBXGroup;
			children = (
				002CFEBB2497DDB9005442D9 /* Models.swift */,
			);
			path = Models;
			sourceTree = "<group>";
		};
		002CFEBD2497DE9B005442D9 /* View Models */ = {
			isa = PBXGroup;
			children = (
				002CFEC02497DF31005442D9 /* ArticleListViewModel.swift */,
				002CFEBE2497DEB0005442D9 /* ArticleViewModel.swift */,
			);
			path = "View Models";
			sourceTree = "<group>";
		};
/* End PBXGroup section */

/* Begin PBXNativeTarget section */
		002CFE9D2497DBAB005442D9 /* SwiftUI-MVVM */ = {
			isa = PBXNativeTarget;
			buildConfigurationList = 002CFEB22497DBAD005442D9 /* Build configuration list for PBXNativeTarget "SwiftUI-MVVM" */;
			buildPhases = (
				002CFE9A2497DBAB005442D9 /* Sources */,
				002CFE9B2497DBAB005442D9 /* Frameworks */,
				002CFE9C2497DBAB005442D9 /* Resources */,
			);
			buildRules = (
			);
			dependencies = (
			);
			name = "SwiftUI-MVVM";
			productName = "SwiftUI-MVVM";
			productReference = 002CFE9E2497DBAB005442D9 /* SwiftUI-MVVM.app */;
			productType = "com.apple.product-type.application";
		};
/* End PBXNativeTarget section */

/* Begin PBXProject section */
		002CFE962497DBAB005442D9 /* Project object */ = {
			isa = PBXProject;
			attributes = {
				LastSwiftUpdateCheck = 1150;
				LastUpgradeCheck = 1150;
				ORGANIZATIONNAME = "Fábio Salata";
				TargetAttributes = {
					002CFE9D2497DBAB005442D9 = {
						CreatedOnToolsVersion = 11.5;
					};
				};
			};
			buildConfigurationList = 002CFE992497DBAB005442D9 /* Build configuration list for PBXProject "SwiftUI-MVVM" */;
			compatibilityVersion = "Xcode 9.3";
			developmentRegion = en;
			hasScannedForEncodings = 0;
			knownRegions = (
				en,
				Base,
			);
			mainGroup = 002CFE952497DBAB005442D9;
			productRefGroup = 002CFE9F2497DBAB005442D9 /* Products */;
			projectDirPath = "";
			projectRoot = "";
			targets = (
				002CFE9D2497DBAB005442D9 /* SwiftUI-MVVM */,
			);
		};
/* End PBXProject section */

/* Begin PBXResourcesBuildPhase section */
		002CFE9C2497DBAB005442D9 /* Resources */ = {
			isa = PBXResourcesBuildPhase;
			buildActionMask = 2147483647;
			files = (
				002CFEAE2497DBAD005442D9 /* LaunchScreen.storyboard in Resources */,
				002CFEAB2497DBAD005442D9 /* Preview Assets.xcassets in Resources */,
				002CFEA82497DBAD005442D9 /* Assets.xcassets in Resources */,
			);
			runOnlyForDeploymentPostprocessing = 0;
		};
/* End PBXResourcesBuildPhase section */

/* Begin PBXSourcesBuildPhase section */
		002CFE9A2497DBAB005442D9 /* Sources */ = {
			isa = PBXSourcesBuildPhase;
			buildActionMask = 2147483647;
			files = (
				002CFEA22497DBAB005442D9 /* AppDelegate.swift in Sources */,
				002CFEC12497DF31005442D9 /* ArticleListViewModel.swift in Sources */,
				002CFEA42497DBAB005442D9 /* SceneDelegate.swift in Sources */,
				002CFEB92497DCF4005442D9 /* Service.swift in Sources */,
				002CFEBC2497DDB9005442D9 /* Models.swift in Sources */,
				002CFEA62497DBAB005442D9 /* ContentView.swift in Sources */,
				002CFEBF2497DEB0005442D9 /* ArticleViewModel.swift in Sources */,
			);
			runOnlyForDeploymentPostprocessing = 0;
		};
/* End PBXSourcesBuildPhase section */

/* Begin PBXVariantGroup section */
		002CFEAC2497DBAD005442D9 /* LaunchScreen.storyboard */ = {
			isa = PBXVariantGroup;
			children = (
				002CFEAD2497DBAD005442D9 /* Base */,
			);
			name = LaunchScreen.storyboard;
			sourceTree = "<group>";
		};
/* End PBXVariantGroup section */

/* Begin XCBuildConfiguration section */
		002CFEB02497DBAD005442D9 /* Debug */ = {
			isa = XCBuildConfiguration;
			buildSettings = {
				ALWAYS_SEARCH_USER_PATHS = NO;
				CLANG_ANALYZER_NONNULL = YES;
				CLANG_ANALYZER_NUMBER_OBJECT_CONVERSION = YES_AGGRESSIVE;
				CLANG_CXX_LANGUAGE_STANDARD = "gnu++14";
				CLANG_CXX_LIBRARY = "libc++";
				CLANG_ENABLE_MODULES = YES;
				CLANG_ENABLE_OBJC_ARC = YES;
				CLANG_ENABLE_OBJC_WEAK = YES;
				CLANG_WARN_BLOCK_CAPTURE_AUTORELEASING = YES;
				CLANG_WARN_BOOL_CONVERSION = YES;
				CLANG_WARN_COMMA = YES;
				CLANG_WARN_CONSTANT_CONVERSION = YES;
				CLANG_WARN_DEPRECATED_OBJC_IMPLEMENTATIONS = YES;
				CLANG_WARN_DIRECT_OBJC_ISA_USAGE = YES_ERROR;
				CLANG_WARN_DOCUMENTATION_COMMENTS = YES;
				CLANG_WARN_EMPTY_BODY = YES;
				CLANG_WARN_ENUM_CONVERSION = YES;
				CLANG_WARN_INFINITE_RECURSION = YES;
				CLANG_WARN_INT_CONVERSION = YES;
				CLANG_WARN_NON_LITERAL_NULL_CONVERSION = YES;
				CLANG_WARN_OBJC_IMPLICIT_RETAIN_SELF = YES;
				CLANG_WARN_OBJC_LITERAL_CONVERSION = YES;
				CLANG_WARN_OBJC_ROOT_CLASS = YES_ERROR;
				CLANG_WARN_RANGE_LOOP_ANALYSIS = YES;
				CLANG_WARN_STRICT_PROTOTYPES = YES;
				CLANG_WARN_SUSPICIOUS_MOVE = YES;
				CLANG_WARN_UNGUARDED_AVAILABILITY = YES_AGGRESSIVE;
				CLANG_WARN_UNREACHABLE_CODE = YES;
				CLANG_WARN__DUPLICATE_METHOD_MATCH = YES;
				COPY_PHASE_STRIP = NO;
				DEBUG_INFORMATION_FORMAT = dwarf;
				ENABLE_STRICT_OBJC_MSGSEND = YES;
				ENABLE_TESTABILITY = YES;
				GCC_C_LANGUAGE_STANDARD = gnu11;
				GCC_DYNAMIC_NO_PIC = NO;
				GCC_NO_COMMON_BLOCKS = YES;
				GCC_OPTIMIZATION_LEVEL = 0;
				GCC_PREPROCESSOR_DEFINITIONS = (
					"DEBUG=1",
					"$(inherited)",
				);
				GCC_WARN_64_TO_32_BIT_CONVERSION = YES;
				GCC_WARN_ABOUT_RETURN_TYPE = YES_ERROR;
				GCC_WARN_UNDECLARED_SELECTOR = YES;
				GCC_WARN_UNINITIALIZED_AUTOS = YES_AGGRESSIVE;
				GCC_WARN_UNUSED_FUNCTION = YES;
				GCC_WARN_UNUSED_VARIABLE = YES;
				IPHONEOS_DEPLOYMENT_TARGET = 13.5;
				MTL_ENABLE_DEBUG_INFO = INCLUDE_SOURCE;
				MTL_FAST_MATH = YES;
				ONLY_ACTIVE_ARCH = YES;
				SDKROOT = iphoneos;
				SWIFT_ACTIVE_COMPILATION_CONDITIONS = DEBUG;
				SWIFT_OPTIMIZATION_LEVEL = "-Onone";
			};
			name = Debug;
		};
		002CFEB12497DBAD005442D9 /* Release */ = {
			isa = XCBuildConfiguration;
			buildSettings = {
				ALWAYS_SEARCH_USER_PATHS = NO;
				CLANG_ANALYZER_NONNULL = YES;
				CLANG_ANALYZER_NUMBER_OBJECT_CONVERSION = YES_AGGRESSIVE;
				CLANG_CXX_LANGUAGE_STANDARD = "gnu++14";
				CLANG_CXX_LIBRARY = "libc++";
				CLANG_ENABLE_MODULES = YES;
				CLANG_ENABLE_OBJC_ARC = YES;
				CLANG_ENABLE_OBJC_WEAK = YES;
				CLANG_WARN_BLOCK_CAPTURE_AUTORELEASING = YES;
				CLANG_WARN_BOOL_CONVERSION = YES;
				CLANG_WARN_COMMA = YES;
				CLANG_WARN_CONSTANT_CONVERSION = YES;
				CLANG_WARN_DEPRECATED_OBJC_IMPLEMENTATIONS = YES;
				CLANG_WARN_DIRECT_OBJC_ISA_USAGE = YES_ERROR;
				CLANG_WARN_DOCUMENTATION_COMMENTS = YES;
				CLANG_WARN_EMPTY_BODY = YES;
				CLANG_WARN_ENUM_CONVERSION = YES;
				CLANG_WARN_INFINITE_RECURSION = YES;
				CLANG_WARN_INT_CONVERSION = YES;
				CLANG_WARN_NON_LITERAL_NULL_CONVERSION = YES;
				CLANG_WARN_OBJC_IMPLICIT_RETAIN_SELF = YES;
				CLANG_WARN_OBJC_LITERAL_CONVERSION = YES;
				CLANG_WARN_OBJC_ROOT_CLASS = YES_ERROR;
				CLANG_WARN_RANGE_LOOP_ANALYSIS = YES;
				CLANG_WARN_STRICT_PROTOTYPES = YES;
				CLANG_WARN_SUSPICIOUS_MOVE = YES;
				CLANG_WARN_UNGUARDED_AVAILABILITY = YES_AGGRESSIVE;
				CLANG_WARN_UNREACHABLE_CODE = YES;
				CLANG_WARN__DUPLICATE_METHOD_MATCH = YES;
				COPY_PHASE_STRIP = NO;
				DEBUG_INFORMATION_FORMAT = "dwarf-with-dsym";
				ENABLE_NS_ASSERTIONS = NO;
				ENABLE_STRICT_OBJC_MSGSEND = YES;
				GCC_C_LANGUAGE_STANDARD = gnu11;
				GCC_NO_COMMON_BLOCKS = YES;
				GCC_WARN_64_TO_32_BIT_CONVERSION = YES;
				GCC_WARN_ABOUT_RETURN_TYPE = YES_ERROR;
				GCC_WARN_UNDECLARED_SELECTOR = YES;
				GCC_WARN_UNINITIALIZED_AUTOS = YES_AGGRESSIVE;
				GCC_WARN_UNUSED_FUNCTION = YES;
				GCC_WARN_UNUSED_VARIABLE = YES;
				IPHONEOS_DEPLOYMENT_TARGET = 13.5;
				MTL_ENABLE_DEBUG_INFO = NO;
				MTL_FAST_MATH = YES;
				SDKROOT = iphoneos;
				SWIFT_COMPILATION_MODE = wholemodule;
				SWIFT_OPTIMIZATION_LEVEL = "-O";
				VALIDATE_PRODUCT = YES;
			};
			name = Release;
		};
		002CFEB32497DBAD005442D9 /* Debug */ = {
			isa = XCBuildConfiguration;
			buildSettings = {
				ASSETCATALOG_COMPILER_APPICON_NAME = AppIcon;
				CODE_SIGN_STYLE = Automatic;
				DEVELOPMENT_ASSET_PATHS = "\"SwiftUI-MVVM/Preview Content\"";
				DEVELOPMENT_TEAM = 4473R8PQA5;
				ENABLE_PREVIEWS = YES;
				INFOPLIST_FILE = "SwiftUI-MVVM/Info.plist";
				IPHONEOS_DEPLOYMENT_TARGET = 13.2;
				LD_RUNPATH_SEARCH_PATHS = (
					"$(inherited)",
					"@executable_path/Frameworks",
				);
				PRODUCT_BUNDLE_IDENTIFIER = "dev.fabiosalata.SwiftUI-MVVM";
				PRODUCT_NAME = "$(TARGET_NAME)";
				SWIFT_VERSION = 5.0;
				TARGETED_DEVICE_FAMILY = 1;
			};
			name = Debug;
		};
		002CFEB42497DBAD005442D9 /* Release */ = {
			isa = XCBuildConfiguration;
			buildSettings = {
				ASSETCATALOG_COMPILER_APPICON_NAME = AppIcon;
				CODE_SIGN_STYLE = Automatic;
				DEVELOPMENT_ASSET_PATHS = "\"SwiftUI-MVVM/Preview Content\"";
				DEVELOPMENT_TEAM = 4473R8PQA5;
				ENABLE_PREVIEWS = YES;
				INFOPLIST_FILE = "SwiftUI-MVVM/Info.plist";
				IPHONEOS_DEPLOYMENT_TARGET = 13.2;
				LD_RUNPATH_SEARCH_PATHS = (
					"$(inherited)",
					"@executable_path/Frameworks",
				);
				PRODUCT_BUNDLE_IDENTIFIER = "dev.fabiosalata.SwiftUI-MVVM";
				PRODUCT_NAME = "$(TARGET_NAME)";
				SWIFT_VERSION = 5.0;
				TARGETED_DEVICE_FAMILY = 1;
			};
			name = Release;
		};
/* End XCBuildConfiguration section */

/* Begin XCConfigurationList section */
		002CFE992497DBAB005442D9 /* Build configuration list for PBXProject "SwiftUI-MVVM" */ = {
			isa = XCConfigurationList;
			buildConfigurations = (
				002CFEB02497DBAD005442D9 /* Debug */,
				002CFEB12497DBAD005442D9 /* Release */,
			);
			defaultConfigurationIsVisible = 0;
			defaultConfigurationName = Release;
		};
		002CFEB22497DBAD005442D9 /* Build configuration list for PBXNativeTarget "SwiftUI-MVVM" */ = {
			isa = XCConfigurationList;
			buildConfigurations = (
				002CFEB32497DBAD005442D9 /* Debug */,
				002CFEB42497DBAD005442D9 /* Release */,
			);
			defaultConfigurationIsVisible = 0;
			defaultConfigurationName = Release;
		};
/* End XCConfigurationList section */
	};
	rootObject = 002CFE962497DBAB005442D9 /* Project object */;
}
